// !$*UTF8*$!
{
	archiveVersion = 1;
	classes = {
	};
	objectVersion = 46;
	objects = {

/* Begin PBXBuildFile section */
		2704D0BB1F7B594E0051BBA5 /* GADBannerView+LoadAction.m in Sources */ = {isa = PBXBuildFile; fileRef = 2704D0BA1F7B594E0051BBA5 /* GADBannerView+LoadAction.m */; };
		2704D0BE1F7B81340051BBA5 /* ADTableTableViewCell.m in Sources */ = {isa = PBXBuildFile; fileRef = 2704D0BD1F7B81340051BBA5 /* ADTableTableViewCell.m */; };
		2704D0C11F7B8C100051BBA5 /* GADNativeExpressAdView+LoadAction.m in Sources */ = {isa = PBXBuildFile; fileRef = 2704D0C01F7B8C100051BBA5 /* GADNativeExpressAdView+LoadAction.m */; };
		2704D0DD1F7BAE920051BBA5 /* RootTabBarViewController.m in Sources */ = {isa = PBXBuildFile; fileRef = 2704D0DC1F7BAE920051BBA5 /* RootTabBarViewController.m */; };
		27090F2B1F7D26D300A50607 /* Meizi.storyboard in Resources */ = {isa = PBXBuildFile; fileRef = 27090F061F7D23E500A50607 /* Meizi.storyboard */; };
		27090F2D1F7D286F00A50607 /* MeiziRequest.m in Sources */ = {isa = PBXBuildFile; fileRef = 27090EFE1F7D23E500A50607 /* MeiziRequest.m */; };
		27090F2E1F7D286F00A50607 /* CacheSizeLabel+Manager.m in Sources */ = {isa = PBXBuildFile; fileRef = 27090EFF1F7D23E500A50607 /* CacheSizeLabel+Manager.m */; };
		27090F2F1F7D286F00A50607 /* CacheSizeLabel.m in Sources */ = {isa = PBXBuildFile; fileRef = 27090F031F7D23E500A50607 /* CacheSizeLabel.m */; };
		27090F301F7D286F00A50607 /* SYNavigationDropdownMenu.m in Sources */ = {isa = PBXBuildFile; fileRef = 27090F081F7D23E500A50607 /* SYNavigationDropdownMenu.m */; };
		27090F311F7D286F00A50607 /* MeiziViewController.m in Sources */ = {isa = PBXBuildFile; fileRef = 27090F0E1F7D23E500A50607 /* MeiziViewController.m */; };
		27090F321F7D286F00A50607 /* Meizi.m in Sources */ = {isa = PBXBuildFile; fileRef = 27090F0F1F7D23E500A50607 /* Meizi.m */; };
		27090F331F7D286F00A50607 /* SYNetworkManager.m in Sources */ = {isa = PBXBuildFile; fileRef = 27090F151F7D23E500A50607 /* SYNetworkManager.m */; };
		27090F341F7D286F00A50607 /* SYBaseRequest.m in Sources */ = {isa = PBXBuildFile; fileRef = 27090F171F7D23E500A50607 /* SYBaseRequest.m */; };
		27090F351F7D286F00A50607 /* SYBatchRequest.m in Sources */ = {isa = PBXBuildFile; fileRef = 27090F181F7D23E500A50607 /* SYBatchRequest.m */; };
		27090F361F7D286F00A50607 /* SYChainRequestManager.m in Sources */ = {isa = PBXBuildFile; fileRef = 27090F1A1F7D23E500A50607 /* SYChainRequestManager.m */; };
		27090F371F7D286F00A50607 /* SYBatchRequestManager.m in Sources */ = {isa = PBXBuildFile; fileRef = 27090F1B1F7D23E500A50607 /* SYBatchRequestManager.m */; };
		27090F381F7D286F00A50607 /* SYNetworkUtil.m in Sources */ = {isa = PBXBuildFile; fileRef = 27090F1F1F7D23E500A50607 /* SYNetworkUtil.m */; };
		27090F391F7D286F00A50607 /* SYNetworkConfig.m in Sources */ = {isa = PBXBuildFile; fileRef = 27090F221F7D23E500A50607 /* SYNetworkConfig.m */; };
		27090F3A1F7D286F00A50607 /* SYChainRequest.m in Sources */ = {isa = PBXBuildFile; fileRef = 27090F251F7D23E500A50607 /* SYChainRequest.m */; };
		27090F3B1F7D286F00A50607 /* SYNetworkCacheManager.m in Sources */ = {isa = PBXBuildFile; fileRef = 27090F271F7D23E500A50607 /* SYNetworkCacheManager.m */; };
		27090F3C1F7D286F00A50607 /* MeiziCell.m in Sources */ = {isa = PBXBuildFile; fileRef = 27090F291F7D23E500A50607 /* MeiziCell.m */; };
		27090F3D1F7D286F00A50607 /* SettingViewController.m in Sources */ = {isa = PBXBuildFile; fileRef = 27090F2A1F7D23E500A50607 /* SettingViewController.m */; };
		27090F3E1F7D28C200A50607 /* Images.xcassets in Resources */ = {isa = PBXBuildFile; fileRef = 27090F0D1F7D23E500A50607 /* Images.xcassets */; };
		27090F411F7D3F1F00A50607 /* MYPhotoBrowser.m in Sources */ = {isa = PBXBuildFile; fileRef = 27090F401F7D3F1F00A50607 /* MYPhotoBrowser.m */; };
		27090F601F7E34EE00A50607 /* AppDelegate+Config.m in Sources */ = {isa = PBXBuildFile; fileRef = 27090F5F1F7E34EE00A50607 /* AppDelegate+Config.m */; };
		27090F631F7E376F00A50607 /* UserDefaults.m in Sources */ = {isa = PBXBuildFile; fileRef = 27090F621F7E376F00A50607 /* UserDefaults.m */; };
		272866631F717E2000586AD3 /* MoreTableViewController.m in Sources */ = {isa = PBXBuildFile; fileRef = 272866621F717E2000586AD3 /* MoreTableViewController.m */; };
		2747A2F71F76544C00F31979 /* StoreKit.framework in Frameworks */ = {isa = PBXBuildFile; fileRef = 2747A2F61F76544C00F31979 /* StoreKit.framework */; };
		2768F8C71F740E0900C44874 /* MessageUI.framework in Frameworks */ = {isa = PBXBuildFile; fileRef = 2768F8C61F740E0800C44874 /* MessageUI.framework */; };
		277E96261F790367004D5E7B /* MobClick+Configration.m in Sources */ = {isa = PBXBuildFile; fileRef = 277E96251F790367004D5E7B /* MobClick+Configration.m */; };
		277E96411F7908A7004D5E7B /* KeywordEntity+CoreDataClass.m in Sources */ = {isa = PBXBuildFile; fileRef = 277E963E1F7908A6004D5E7B /* KeywordEntity+CoreDataClass.m */; };
		277E96421F7908A7004D5E7B /* KeywordEntity+CoreDataProperties.m in Sources */ = {isa = PBXBuildFile; fileRef = 277E963F1F7908A7004D5E7B /* KeywordEntity+CoreDataProperties.m */; };
		27AF109F1F6E958F00E6301E /* main.m in Sources */ = {isa = PBXBuildFile; fileRef = 27AF109E1F6E958F00E6301E /* main.m */; };
		27AF10A21F6E958F00E6301E /* AppDelegate.m in Sources */ = {isa = PBXBuildFile; fileRef = 27AF10A11F6E958F00E6301E /* AppDelegate.m */; };
		27AF10A51F6E958F00E6301E /* ViewController.m in Sources */ = {isa = PBXBuildFile; fileRef = 27AF10A41F6E958F00E6301E /* ViewController.m */; };
		27AF10A81F6E958F00E6301E /* Main.storyboard in Resources */ = {isa = PBXBuildFile; fileRef = 27AF10A61F6E958F00E6301E /* Main.storyboard */; };
		27AF10AA1F6E958F00E6301E /* Assets.xcassets in Resources */ = {isa = PBXBuildFile; fileRef = 27AF10A91F6E958F00E6301E /* Assets.xcassets */; };
		27AF10AD1F6E958F00E6301E /* LaunchScreen.storyboard in Resources */ = {isa = PBXBuildFile; fileRef = 27AF10AB1F6E958F00E6301E /* LaunchScreen.storyboard */; };
		27AF10DC1F6EC16F00E6301E /* WebViewController.m in Sources */ = {isa = PBXBuildFile; fileRef = 27AF10DB1F6EC16F00E6301E /* WebViewController.m */; };
		27AF10E01F6EC67E00E6301E /* Declaration.html in Resources */ = {isa = PBXBuildFile; fileRef = 27AF10DF1F6EC67E00E6301E /* Declaration.html */; };
		27AF10EC1F70457900E6301E /* ResultModel.m in Sources */ = {isa = PBXBuildFile; fileRef = 27AF10EB1F70457900E6301E /* ResultModel.m */; };
		27B937961F73F15500794C38 /* CoreData.framework in Frameworks */ = {isa = PBXBuildFile; fileRef = 27B937951F73F15500794C38 /* CoreData.framework */; };
		27B937BE1F73F1D000794C38 /* Soil.xcdatamodeld in Sources */ = {isa = PBXBuildFile; fileRef = 27B937BC1F73F1D000794C38 /* Soil.xcdatamodeld */; };
		27BD7A8E1F72728700F346F5 /* HistoryCollectionViewCell.m in Sources */ = {isa = PBXBuildFile; fileRef = 27BD7A8D1F72728700F346F5 /* HistoryCollectionViewCell.m */; };
		27D4C0FC1F70B61A00069180 /* ResultsTableViewController.m in Sources */ = {isa = PBXBuildFile; fileRef = 27D4C0FB1F70B61A00069180 /* ResultsTableViewController.m */; };
		27D4C0FF1F70B67E00069180 /* ResultTableViewCell.m in Sources */ = {isa = PBXBuildFile; fileRef = 27D4C0FE1F70B67E00069180 /* ResultTableViewCell.m */; };
		EF0678D1F2B5DF00B2CC1108 /* libPods-Soil.a in Frameworks */ = {isa = PBXBuildFile; fileRef = 1B766756575FF91322C89858 /* libPods-Soil.a */; };
/* End PBXBuildFile section */

/* Begin PBXFileReference section */
		1B766756575FF91322C89858 /* libPods-Soil.a */ = {isa = PBXFileReference; explicitFileType = archive.ar; includeInIndex = 0; path = "libPods-Soil.a"; sourceTree = BUILT_PRODUCTS_DIR; };
		2704D0B91F7B594E0051BBA5 /* GADBannerView+LoadAction.h */ = {isa = PBXFileReference; lastKnownFileType = sourcecode.c.h; path = "GADBannerView+LoadAction.h"; sourceTree = "<group>"; };
		2704D0BA1F7B594E0051BBA5 /* GADBannerView+LoadAction.m */ = {isa = PBXFileReference; lastKnownFileType = sourcecode.c.objc; path = "GADBannerView+LoadAction.m"; sourceTree = "<group>"; };
		2704D0BC1F7B81340051BBA5 /* ADTableTableViewCell.h */ = {isa = PBXFileReference; lastKnownFileType = sourcecode.c.h; path = ADTableTableViewCell.h; sourceTree = "<group>"; };
		2704D0BD1F7B81340051BBA5 /* ADTableTableViewCell.m */ = {isa = PBXFileReference; lastKnownFileType = sourcecode.c.objc; path = ADTableTableViewCell.m; sourceTree = "<group>"; };
		2704D0BF1F7B8C100051BBA5 /* GADNativeExpressAdView+LoadAction.h */ = {isa = PBXFileReference; lastKnownFileType = sourcecode.c.h; path = "GADNativeExpressAdView+LoadAction.h"; sourceTree = "<group>"; };
		2704D0C01F7B8C100051BBA5 /* GADNativeExpressAdView+LoadAction.m */ = {isa = PBXFileReference; lastKnownFileType = sourcecode.c.objc; path = "GADNativeExpressAdView+LoadAction.m"; sourceTree = "<group>"; };
		2704D0DB1F7BAE920051BBA5 /* RootTabBarViewController.h */ = {isa = PBXFileReference; lastKnownFileType = sourcecode.c.h; path = RootTabBarViewController.h; sourceTree = "<group>"; };
		2704D0DC1F7BAE920051BBA5 /* RootTabBarViewController.m */ = {isa = PBXFileReference; lastKnownFileType = sourcecode.c.objc; path = RootTabBarViewController.m; sourceTree = "<group>"; };
		27090EFE1F7D23E500A50607 /* MeiziRequest.m */ = {isa = PBXFileReference; lastKnownFileType = sourcecode.c.objc; path = MeiziRequest.m; sourceTree = "<group>"; };
		27090EFF1F7D23E500A50607 /* CacheSizeLabel+Manager.m */ = {isa = PBXFileReference; lastKnownFileType = sourcecode.c.objc; path = "CacheSizeLabel+Manager.m"; sourceTree = "<group>"; };
		27090F011F7D23E500A50607 /* Meizi.h */ = {isa = PBXFileReference; lastKnownFileType = sourcecode.c.h; path = Meizi.h; sourceTree = "<group>"; };
		27090F021F7D23E500A50607 /* MeiziViewController.h */ = {isa = PBXFileReference; lastKnownFileType = sourcecode.c.h; path = MeiziViewController.h; sourceTree = "<group>"; };
		27090F031F7D23E500A50607 /* CacheSizeLabel.m */ = {isa = PBXFileReference; lastKnownFileType = sourcecode.c.objc; path = CacheSizeLabel.m; sourceTree = "<group>"; };
		27090F041F7D23E500A50607 /* SettingViewController.h */ = {isa = PBXFileReference; lastKnownFileType = sourcecode.c.h; path = SettingViewController.h; sourceTree = "<group>"; };
		27090F051F7D23E500A50607 /* MeiziCell.h */ = {isa = PBXFileReference; lastKnownFileType = sourcecode.c.h; path = MeiziCell.h; sourceTree = "<group>"; };
		27090F061F7D23E500A50607 /* Meizi.storyboard */ = {isa = PBXFileReference; lastKnownFileType = file.storyboard; path = Meizi.storyboard; sourceTree = "<group>"; };
		27090F081F7D23E500A50607 /* SYNavigationDropdownMenu.m */ = {isa = PBXFileReference; lastKnownFileType = sourcecode.c.objc; path = SYNavigationDropdownMenu.m; sourceTree = "<group>"; };
		27090F091F7D23E500A50607 /* SYNavigationDropdownMenu.h */ = {isa = PBXFileReference; lastKnownFileType = sourcecode.c.h; path = SYNavigationDropdownMenu.h; sourceTree = "<group>"; };
		27090F0A1F7D23E500A50607 /* MeiziRequest.h */ = {isa = PBXFileReference; lastKnownFileType = sourcecode.c.h; path = MeiziRequest.h; sourceTree = "<group>"; };
		27090F0C1F7D23E500A50607 /* CacheSizeLabel.h */ = {isa = PBXFileReference; lastKnownFileType = sourcecode.c.h; path = CacheSizeLabel.h; sourceTree = "<group>"; };
		27090F0D1F7D23E500A50607 /* Images.xcassets */ = {isa = PBXFileReference; lastKnownFileType = folder.assetcatalog; path = Images.xcassets; sourceTree = "<group>"; };
		27090F0E1F7D23E500A50607 /* MeiziViewController.m */ = {isa = PBXFileReference; lastKnownFileType = sourcecode.c.objc; path = MeiziViewController.m; sourceTree = "<group>"; };
		27090F0F1F7D23E500A50607 /* Meizi.m */ = {isa = PBXFileReference; lastKnownFileType = sourcecode.c.objc; path = Meizi.m; sourceTree = "<group>"; };
		27090F121F7D23E500A50607 /* CacheSizeLabel+Manager.h */ = {isa = PBXFileReference; lastKnownFileType = sourcecode.c.h; path = "CacheSizeLabel+Manager.h"; sourceTree = "<group>"; };
		27090F131F7D23E500A50607 /* PrefixHeader.pch */ = {isa = PBXFileReference; lastKnownFileType = sourcecode.c.h; path = PrefixHeader.pch; sourceTree = "<group>"; };
		27090F151F7D23E500A50607 /* SYNetworkManager.m */ = {isa = PBXFileReference; lastKnownFileType = sourcecode.c.objc; path = SYNetworkManager.m; sourceTree = "<group>"; };
		27090F161F7D23E500A50607 /* SYNetworkUtil.h */ = {isa = PBXFileReference; lastKnownFileType = sourcecode.c.h; path = SYNetworkUtil.h; sourceTree = "<group>"; };
		27090F171F7D23E500A50607 /* SYBaseRequest.m */ = {isa = PBXFileReference; lastKnownFileType = sourcecode.c.objc; path = SYBaseRequest.m; sourceTree = "<group>"; };
		27090F181F7D23E500A50607 /* SYBatchRequest.m */ = {isa = PBXFileReference; lastKnownFileType = sourcecode.c.objc; path = SYBatchRequest.m; sourceTree = "<group>"; };
		27090F191F7D23E500A50607 /* SYNetworkConfig.h */ = {isa = PBXFileReference; lastKnownFileType = sourcecode.c.h; path = SYNetworkConfig.h; sourceTree = "<group>"; };
		27090F1A1F7D23E500A50607 /* SYChainRequestManager.m */ = {isa = PBXFileReference; lastKnownFileType = sourcecode.c.objc; path = SYChainRequestManager.m; sourceTree = "<group>"; };
		27090F1B1F7D23E500A50607 /* SYBatchRequestManager.m */ = {isa = PBXFileReference; lastKnownFileType = sourcecode.c.objc; path = SYBatchRequestManager.m; sourceTree = "<group>"; };
		27090F1C1F7D23E500A50607 /* SYChainRequest.h */ = {isa = PBXFileReference; lastKnownFileType = sourcecode.c.h; path = SYChainRequest.h; sourceTree = "<group>"; };
		27090F1D1F7D23E500A50607 /* SYNetworkCacheManager.h */ = {isa = PBXFileReference; lastKnownFileType = sourcecode.c.h; path = SYNetworkCacheManager.h; sourceTree = "<group>"; };
		27090F1E1F7D23E500A50607 /* SYBaseRequest.h */ = {isa = PBXFileReference; lastKnownFileType = sourcecode.c.h; path = SYBaseRequest.h; sourceTree = "<group>"; };
		27090F1F1F7D23E500A50607 /* SYNetworkUtil.m */ = {isa = PBXFileReference; lastKnownFileType = sourcecode.c.objc; path = SYNetworkUtil.m; sourceTree = "<group>"; };
		27090F201F7D23E500A50607 /* SYNetworkManager.h */ = {isa = PBXFileReference; lastKnownFileType = sourcecode.c.h; path = SYNetworkManager.h; sourceTree = "<group>"; };
		27090F211F7D23E500A50607 /* SYBatchRequestManager.h */ = {isa = PBXFileReference; lastKnownFileType = sourcecode.c.h; path = SYBatchRequestManager.h; sourceTree = "<group>"; };
		27090F221F7D23E500A50607 /* SYNetworkConfig.m */ = {isa = PBXFileReference; lastKnownFileType = sourcecode.c.objc; path = SYNetworkConfig.m; sourceTree = "<group>"; };
		27090F231F7D23E500A50607 /* SYChainRequestManager.h */ = {isa = PBXFileReference; lastKnownFileType = sourcecode.c.h; path = SYChainRequestManager.h; sourceTree = "<group>"; };
		27090F241F7D23E500A50607 /* SYBatchRequest.h */ = {isa = PBXFileReference; lastKnownFileType = sourcecode.c.h; path = SYBatchRequest.h; sourceTree = "<group>"; };
		27090F251F7D23E500A50607 /* SYChainRequest.m */ = {isa = PBXFileReference; lastKnownFileType = sourcecode.c.objc; path = SYChainRequest.m; sourceTree = "<group>"; };
		27090F261F7D23E500A50607 /* SYNetwork.h */ = {isa = PBXFileReference; lastKnownFileType = sourcecode.c.h; path = SYNetwork.h; sourceTree = "<group>"; };
		27090F271F7D23E500A50607 /* SYNetworkCacheManager.m */ = {isa = PBXFileReference; lastKnownFileType = sourcecode.c.objc; path = SYNetworkCacheManager.m; sourceTree = "<group>"; };
		27090F291F7D23E500A50607 /* MeiziCell.m */ = {isa = PBXFileReference; lastKnownFileType = sourcecode.c.objc; path = MeiziCell.m; sourceTree = "<group>"; };
		27090F2A1F7D23E500A50607 /* SettingViewController.m */ = {isa = PBXFileReference; lastKnownFileType = sourcecode.c.objc; path = SettingViewController.m; sourceTree = "<group>"; };
		27090F3F1F7D3F1F00A50607 /* MYPhotoBrowser.h */ = {isa = PBXFileReference; lastKnownFileType = sourcecode.c.h; path = MYPhotoBrowser.h; sourceTree = "<group>"; };
		27090F401F7D3F1F00A50607 /* MYPhotoBrowser.m */ = {isa = PBXFileReference; lastKnownFileType = sourcecode.c.objc; path = MYPhotoBrowser.m; sourceTree = "<group>"; };
		27090F5E1F7E34EE00A50607 /* AppDelegate+Config.h */ = {isa = PBXFileReference; lastKnownFileType = sourcecode.c.h; path = "AppDelegate+Config.h"; sourceTree = "<group>"; };
		27090F5F1F7E34EE00A50607 /* AppDelegate+Config.m */ = {isa = PBXFileReference; lastKnownFileType = sourcecode.c.objc; path = "AppDelegate+Config.m"; sourceTree = "<group>"; };
		27090F611F7E376F00A50607 /* UserDefaults.h */ = {isa = PBXFileReference; lastKnownFileType = sourcecode.c.h; path = UserDefaults.h; sourceTree = "<group>"; };
		27090F621F7E376F00A50607 /* UserDefaults.m */ = {isa = PBXFileReference; lastKnownFileType = sourcecode.c.objc; path = UserDefaults.m; sourceTree = "<group>"; };
		272866611F717E2000586AD3 /* MoreTableViewController.h */ = {isa = PBXFileReference; fileEncoding = 4; lastKnownFileType = sourcecode.c.h; path = MoreTableViewController.h; sourceTree = "<group>"; };
		272866621F717E2000586AD3 /* MoreTableViewController.m */ = {isa = PBXFileReference; fileEncoding = 4; lastKnownFileType = sourcecode.c.objc; path = MoreTableViewController.m; sourceTree = "<group>"; };
		2747A2F61F76544C00F31979 /* StoreKit.framework */ = {isa = PBXFileReference; lastKnownFileType = wrapper.framework; name = StoreKit.framework; path = System/Library/Frameworks/StoreKit.framework; sourceTree = SDKROOT; };
		2768F8C61F740E0800C44874 /* MessageUI.framework */ = {isa = PBXFileReference; lastKnownFileType = wrapper.framework; name = MessageUI.framework; path = System/Library/Frameworks/MessageUI.framework; sourceTree = SDKROOT; };
		277E96241F790367004D5E7B /* MobClick+Configration.h */ = {isa = PBXFileReference; lastKnownFileType = sourcecode.c.h; path = "MobClick+Configration.h"; sourceTree = "<group>"; };
		277E96251F790367004D5E7B /* MobClick+Configration.m */ = {isa = PBXFileReference; lastKnownFileType = sourcecode.c.objc; path = "MobClick+Configration.m"; sourceTree = "<group>"; };
		277E963D1F7908A6004D5E7B /* KeywordEntity+CoreDataClass.h */ = {isa = PBXFileReference; fileEncoding = 4; lastKnownFileType = sourcecode.c.h; path = "KeywordEntity+CoreDataClass.h"; sourceTree = "<group>"; };
		277E963E1F7908A6004D5E7B /* KeywordEntity+CoreDataClass.m */ = {isa = PBXFileReference; fileEncoding = 4; lastKnownFileType = sourcecode.c.objc; path = "KeywordEntity+CoreDataClass.m"; sourceTree = "<group>"; };
		277E963F1F7908A7004D5E7B /* KeywordEntity+CoreDataProperties.m */ = {isa = PBXFileReference; fileEncoding = 4; lastKnownFileType = sourcecode.c.objc; path = "KeywordEntity+CoreDataProperties.m"; sourceTree = "<group>"; };
		277E96401F7908A7004D5E7B /* KeywordEntity+CoreDataProperties.h */ = {isa = PBXFileReference; fileEncoding = 4; lastKnownFileType = sourcecode.c.h; path = "KeywordEntity+CoreDataProperties.h"; sourceTree = "<group>"; };
		27AF109A1F6E958F00E6301E /* Soil.app */ = {isa = PBXFileReference; explicitFileType = wrapper.application; includeInIndex = 0; path = Soil.app; sourceTree = BUILT_PRODUCTS_DIR; };
		27AF109E1F6E958F00E6301E /* main.m */ = {isa = PBXFileReference; lastKnownFileType = sourcecode.c.objc; path = main.m; sourceTree = "<group>"; };
		27AF10A01F6E958F00E6301E /* AppDelegate.h */ = {isa = PBXFileReference; lastKnownFileType = sourcecode.c.h; path = AppDelegate.h; sourceTree = "<group>"; };
		27AF10A11F6E958F00E6301E /* AppDelegate.m */ = {isa = PBXFileReference; lastKnownFileType = sourcecode.c.objc; path = AppDelegate.m; sourceTree = "<group>"; };
		27AF10A31F6E958F00E6301E /* ViewController.h */ = {isa = PBXFileReference; lastKnownFileType = sourcecode.c.h; path = ViewController.h; sourceTree = "<group>"; };
		27AF10A41F6E958F00E6301E /* ViewController.m */ = {isa = PBXFileReference; lastKnownFileType = sourcecode.c.objc; path = ViewController.m; sourceTree = "<group>"; };
		27AF10A71F6E958F00E6301E /* Base */ = {isa = PBXFileReference; lastKnownFileType = file.storyboard; name = Base; path = Base.lproj/Main.storyboard; sourceTree = "<group>"; };
		27AF10A91F6E958F00E6301E /* Assets.xcassets */ = {isa = PBXFileReference; lastKnownFileType = folder.assetcatalog; path = Assets.xcassets; sourceTree = "<group>"; };
		27AF10AC1F6E958F00E6301E /* Base */ = {isa = PBXFileReference; lastKnownFileType = file.storyboard; name = Base; path = Base.lproj/LaunchScreen.storyboard; sourceTree = "<group>"; };
		27AF10AE1F6E958F00E6301E /* Info.plist */ = {isa = PBXFileReference; lastKnownFileType = text.plist.xml; path = Info.plist; sourceTree = "<group>"; };
		27AF10DA1F6EC16F00E6301E /* WebViewController.h */ = {isa = PBXFileReference; fileEncoding = 4; lastKnownFileType = sourcecode.c.h; path = WebViewController.h; sourceTree = "<group>"; };
		27AF10DB1F6EC16F00E6301E /* WebViewController.m */ = {isa = PBXFileReference; fileEncoding = 4; lastKnownFileType = sourcecode.c.objc; path = WebViewController.m; sourceTree = "<group>"; };
		27AF10DF1F6EC67E00E6301E /* Declaration.html */ = {isa = PBXFileReference; fileEncoding = 4; lastKnownFileType = text.html; path = Declaration.html; sourceTree = "<group>"; };
		27AF10EA1F70457900E6301E /* ResultModel.h */ = {isa = PBXFileReference; fileEncoding = 4; lastKnownFileType = sourcecode.c.h; path = ResultModel.h; sourceTree = "<group>"; };
		27AF10EB1F70457900E6301E /* ResultModel.m */ = {isa = PBXFileReference; fileEncoding = 4; lastKnownFileType = sourcecode.c.objc; path = ResultModel.m; sourceTree = "<group>"; };
		27B937951F73F15500794C38 /* CoreData.framework */ = {isa = PBXFileReference; lastKnownFileType = wrapper.framework; name = CoreData.framework; path = System/Library/Frameworks/CoreData.framework; sourceTree = SDKROOT; };
		27B937BD1F73F1D000794C38 /* Soil.xcdatamodel */ = {isa = PBXFileReference; lastKnownFileType = wrapper.xcdatamodel; path = Soil.xcdatamodel; sourceTree = "<group>"; };
		27BD7A8C1F72728700F346F5 /* HistoryCollectionViewCell.h */ = {isa = PBXFileReference; fileEncoding = 4; lastKnownFileType = sourcecode.c.h; path = HistoryCollectionViewCell.h; sourceTree = "<group>"; };
		27BD7A8D1F72728700F346F5 /* HistoryCollectionViewCell.m */ = {isa = PBXFileReference; fileEncoding = 4; lastKnownFileType = sourcecode.c.objc; path = HistoryCollectionViewCell.m; sourceTree = "<group>"; };
		27D4C0FA1F70B61A00069180 /* ResultsTableViewController.h */ = {isa = PBXFileReference; fileEncoding = 4; lastKnownFileType = sourcecode.c.h; path = ResultsTableViewController.h; sourceTree = "<group>"; };
		27D4C0FB1F70B61A00069180 /* ResultsTableViewController.m */ = {isa = PBXFileReference; fileEncoding = 4; lastKnownFileType = sourcecode.c.objc; path = ResultsTableViewController.m; sourceTree = "<group>"; };
		27D4C0FD1F70B67E00069180 /* ResultTableViewCell.h */ = {isa = PBXFileReference; fileEncoding = 4; lastKnownFileType = sourcecode.c.h; path = ResultTableViewCell.h; sourceTree = "<group>"; };
		27D4C0FE1F70B67E00069180 /* ResultTableViewCell.m */ = {isa = PBXFileReference; fileEncoding = 4; lastKnownFileType = sourcecode.c.objc; path = ResultTableViewCell.m; sourceTree = "<group>"; };
		B7EBB1286B6EF5185B41F288 /* Pods-Soil.debug.xcconfig */ = {isa = PBXFileReference; includeInIndex = 1; lastKnownFileType = text.xcconfig; name = "Pods-Soil.debug.xcconfig"; path = "Pods/Target Support Files/Pods-Soil/Pods-Soil.debug.xcconfig"; sourceTree = "<group>"; };
		F45B7887C18D1E3CF8723965 /* Pods-Soil.release.xcconfig */ = {isa = PBXFileReference; includeInIndex = 1; lastKnownFileType = text.xcconfig; name = "Pods-Soil.release.xcconfig"; path = "Pods/Target Support Files/Pods-Soil/Pods-Soil.release.xcconfig"; sourceTree = "<group>"; };
/* End PBXFileReference section */

/* Begin PBXFrameworksBuildPhase section */
		27AF10971F6E958F00E6301E /* Frameworks */ = {
			isa = PBXFrameworksBuildPhase;
			buildActionMask = 2147483647;
			files = (
				2747A2F71F76544C00F31979 /* StoreKit.framework in Frameworks */,
				2768F8C71F740E0900C44874 /* MessageUI.framework in Frameworks */,
				27B937961F73F15500794C38 /* CoreData.framework in Frameworks */,
				EF0678D1F2B5DF00B2CC1108 /* libPods-Soil.a in Frameworks */,
			);
			runOnlyForDeploymentPostprocessing = 0;
		};
/* End PBXFrameworksBuildPhase section */

/* Begin PBXGroup section */
		27090EFD1F7D23E500A50607 /* Meizi */ = {
			isa = PBXGroup;
			children = (
				27090EFE1F7D23E500A50607 /* MeiziRequest.m */,
				27090EFF1F7D23E500A50607 /* CacheSizeLabel+Manager.m */,
				27090F011F7D23E500A50607 /* Meizi.h */,
				27090F021F7D23E500A50607 /* MeiziViewController.h */,
				27090F031F7D23E500A50607 /* CacheSizeLabel.m */,
				27090F041F7D23E500A50607 /* SettingViewController.h */,
				27090F051F7D23E500A50607 /* MeiziCell.h */,
				27090F061F7D23E500A50607 /* Meizi.storyboard */,
				27090F071F7D23E500A50607 /* SYNavigationDropdownMenu */,
				27090F0A1F7D23E500A50607 /* MeiziRequest.h */,
				27090F0C1F7D23E500A50607 /* CacheSizeLabel.h */,
				27090F0D1F7D23E500A50607 /* Images.xcassets */,
				27090F0E1F7D23E500A50607 /* MeiziViewController.m */,
				27090F3F1F7D3F1F00A50607 /* MYPhotoBrowser.h */,
				27090F401F7D3F1F00A50607 /* MYPhotoBrowser.m */,
				27090F0F1F7D23E500A50607 /* Meizi.m */,
				27090F121F7D23E500A50607 /* CacheSizeLabel+Manager.h */,
				27090F131F7D23E500A50607 /* PrefixHeader.pch */,
				27090F141F7D23E500A50607 /* SYNetwork */,
				27090F291F7D23E500A50607 /* MeiziCell.m */,
				27090F2A1F7D23E500A50607 /* SettingViewController.m */,
			);
			name = Meizi;
			path = Soil/Meizi;
			sourceTree = "<group>";
		};
		27090F071F7D23E500A50607 /* SYNavigationDropdownMenu */ = {
			isa = PBXGroup;
			children = (
				27090F081F7D23E500A50607 /* SYNavigationDropdownMenu.m */,
				27090F091F7D23E500A50607 /* SYNavigationDropdownMenu.h */,
			);
			path = SYNavigationDropdownMenu;
			sourceTree = "<group>";
		};
		27090F141F7D23E500A50607 /* SYNetwork */ = {
			isa = PBXGroup;
			children = (
				27090F151F7D23E500A50607 /* SYNetworkManager.m */,
				27090F161F7D23E500A50607 /* SYNetworkUtil.h */,
				27090F171F7D23E500A50607 /* SYBaseRequest.m */,
				27090F181F7D23E500A50607 /* SYBatchRequest.m */,
				27090F191F7D23E500A50607 /* SYNetworkConfig.h */,
				27090F1A1F7D23E500A50607 /* SYChainRequestManager.m */,
				27090F1B1F7D23E500A50607 /* SYBatchRequestManager.m */,
				27090F1C1F7D23E500A50607 /* SYChainRequest.h */,
				27090F1D1F7D23E500A50607 /* SYNetworkCacheManager.h */,
				27090F1E1F7D23E500A50607 /* SYBaseRequest.h */,
				27090F1F1F7D23E500A50607 /* SYNetworkUtil.m */,
				27090F201F7D23E500A50607 /* SYNetworkManager.h */,
				27090F211F7D23E500A50607 /* SYBatchRequestManager.h */,
				27090F221F7D23E500A50607 /* SYNetworkConfig.m */,
				27090F231F7D23E500A50607 /* SYChainRequestManager.h */,
				27090F241F7D23E500A50607 /* SYBatchRequest.h */,
				27090F251F7D23E500A50607 /* SYChainRequest.m */,
				27090F261F7D23E500A50607 /* SYNetwork.h */,
				27090F271F7D23E500A50607 /* SYNetworkCacheManager.m */,
			);
			path = SYNetwork;
			sourceTree = "<group>";
		};
		27AF10911F6E958F00E6301E = {
			isa = PBXGroup;
			children = (
				27AF10DF1F6EC67E00E6301E /* Declaration.html */,
				27090EFD1F7D23E500A50607 /* Meizi */,
				27AF109C1F6E958F00E6301E /* Soil */,
				27AF109B1F6E958F00E6301E /* Products */,
				4E32A5E0AF2AA87BD6DA0170 /* Pods */,
				3BAD417160AAB3D844D03562 /* Frameworks */,
			);
			sourceTree = "<group>";
		};
		27AF109B1F6E958F00E6301E /* Products */ = {
			isa = PBXGroup;
			children = (
				27AF109A1F6E958F00E6301E /* Soil.app */,
			);
			name = Products;
			sourceTree = "<group>";
		};
		27AF109C1F6E958F00E6301E /* Soil */ = {
			isa = PBXGroup;
			children = (
				277E963D1F7908A6004D5E7B /* KeywordEntity+CoreDataClass.h */,
				277E963E1F7908A6004D5E7B /* KeywordEntity+CoreDataClass.m */,
				277E96401F7908A7004D5E7B /* KeywordEntity+CoreDataProperties.h */,
				277E963F1F7908A7004D5E7B /* KeywordEntity+CoreDataProperties.m */,
				27AF10A01F6E958F00E6301E /* AppDelegate.h */,
				27AF10A11F6E958F00E6301E /* AppDelegate.m */,
				27090F5E1F7E34EE00A50607 /* AppDelegate+Config.h */,
				27090F5F1F7E34EE00A50607 /* AppDelegate+Config.m */,
				27090F611F7E376F00A50607 /* UserDefaults.h */,
				27090F621F7E376F00A50607 /* UserDefaults.m */,
				277E96241F790367004D5E7B /* MobClick+Configration.h */,
				277E96251F790367004D5E7B /* MobClick+Configration.m */,
				27AF10A31F6E958F00E6301E /* ViewController.h */,
				27AF10A41F6E958F00E6301E /* ViewController.m */,
				2704D0DB1F7BAE920051BBA5 /* RootTabBarViewController.h */,
				2704D0DC1F7BAE920051BBA5 /* RootTabBarViewController.m */,
				27AF10EA1F70457900E6301E /* ResultModel.h */,
				27AF10EB1F70457900E6301E /* ResultModel.m */,
				27D4C0FA1F70B61A00069180 /* ResultsTableViewController.h */,
				27D4C0FB1F70B61A00069180 /* ResultsTableViewController.m */,
				27AF10DA1F6EC16F00E6301E /* WebViewController.h */,
				27AF10DB1F6EC16F00E6301E /* WebViewController.m */,
				27D4C0FD1F70B67E00069180 /* ResultTableViewCell.h */,
				27D4C0FE1F70B67E00069180 /* ResultTableViewCell.m */,
				27BD7A8C1F72728700F346F5 /* HistoryCollectionViewCell.h */,
				27BD7A8D1F72728700F346F5 /* HistoryCollectionViewCell.m */,
				272866611F717E2000586AD3 /* MoreTableViewController.h */,
				272866621F717E2000586AD3 /* MoreTableViewController.m */,
				2704D0B91F7B594E0051BBA5 /* GADBannerView+LoadAction.h */,
				2704D0BA1F7B594E0051BBA5 /* GADBannerView+LoadAction.m */,
				2704D0BF1F7B8C100051BBA5 /* GADNativeExpressAdView+LoadAction.h */,
				2704D0C01F7B8C100051BBA5 /* GADNativeExpressAdView+LoadAction.m */,
				2704D0BC1F7B81340051BBA5 /* ADTableTableViewCell.h */,
				2704D0BD1F7B81340051BBA5 /* ADTableTableViewCell.m */,
				27AF10A61F6E958F00E6301E /* Main.storyboard */,
				27AF10A91F6E958F00E6301E /* Assets.xcassets */,
				27AF10AB1F6E958F00E6301E /* LaunchScreen.storyboard */,
				27AF10AE1F6E958F00E6301E /* Info.plist */,
				27B937BC1F73F1D000794C38 /* Soil.xcdatamodeld */,
				27AF109D1F6E958F00E6301E /* Supporting Files */,
			);
			path = Soil;
			sourceTree = "<group>";
		};
		27AF109D1F6E958F00E6301E /* Supporting Files */ = {
			isa = PBXGroup;
			children = (
				27AF109E1F6E958F00E6301E /* main.m */,
			);
			name = "Supporting Files";
			sourceTree = "<group>";
		};
		3BAD417160AAB3D844D03562 /* Frameworks */ = {
			isa = PBXGroup;
			children = (
				2747A2F61F76544C00F31979 /* StoreKit.framework */,
				2768F8C61F740E0800C44874 /* MessageUI.framework */,
				27B937951F73F15500794C38 /* CoreData.framework */,
				1B766756575FF91322C89858 /* libPods-Soil.a */,
			);
			name = Frameworks;
			sourceTree = "<group>";
		};
		4E32A5E0AF2AA87BD6DA0170 /* Pods */ = {
			isa = PBXGroup;
			children = (
				B7EBB1286B6EF5185B41F288 /* Pods-Soil.debug.xcconfig */,
				F45B7887C18D1E3CF8723965 /* Pods-Soil.release.xcconfig */,
			);
			name = Pods;
			sourceTree = "<group>";
		};
/* End PBXGroup section */

/* Begin PBXNativeTarget section */
		27AF10991F6E958F00E6301E /* Soil */ = {
			isa = PBXNativeTarget;
			buildConfigurationList = 27AF10B11F6E958F00E6301E /* Build configuration list for PBXNativeTarget "Soil" */;
			buildPhases = (
				2A8DE311E7E6B3B335FF534E /* [CP] Check Pods Manifest.lock */,
				27AF10961F6E958F00E6301E /* Sources */,
				27AF10971F6E958F00E6301E /* Frameworks */,
				27AF10981F6E958F00E6301E /* Resources */,
				15A805BBFABA87F4429D91F4 /* [CP] Embed Pods Frameworks */,
				A04B8D21D356102BBFDF440A /* [CP] Copy Pods Resources */,
			);
			buildRules = (
			);
			dependencies = (
			);
			name = Soil;
			productName = Soil;
			productReference = 27AF109A1F6E958F00E6301E /* Soil.app */;
			productType = "com.apple.product-type.application";
		};
/* End PBXNativeTarget section */

/* Begin PBXProject section */
		27AF10921F6E958F00E6301E /* Project object */ = {
			isa = PBXProject;
			attributes = {
				LastUpgradeCheck = 0900;
				ORGANIZATIONNAME = Mike;
				TargetAttributes = {
					27AF10991F6E958F00E6301E = {
						CreatedOnToolsVersion = 8.3.3;
						DevelopmentTeam = R99GVVPKY2;
						ProvisioningStyle = Manual;
					};
				};
			};
			buildConfigurationList = 27AF10951F6E958F00E6301E /* Build configuration list for PBXProject "Soil" */;
			compatibilityVersion = "Xcode 3.2";
			developmentRegion = English;
			hasScannedForEncodings = 0;
			knownRegions = (
				en,
				Base,
			);
			mainGroup = 27AF10911F6E958F00E6301E;
			productRefGroup = 27AF109B1F6E958F00E6301E /* Products */;
			projectDirPath = "";
			projectRoot = "";
			targets = (
				27AF10991F6E958F00E6301E /* Soil */,
			);
		};
/* End PBXProject section */

/* Begin PBXResourcesBuildPhase section */
		27AF10981F6E958F00E6301E /* Resources */ = {
			isa = PBXResourcesBuildPhase;
			buildActionMask = 2147483647;
			files = (
				27AF10AD1F6E958F00E6301E /* LaunchScreen.storyboard in Resources */,
				27AF10E01F6EC67E00E6301E /* Declaration.html in Resources */,
				27AF10AA1F6E958F00E6301E /* Assets.xcassets in Resources */,
				27090F3E1F7D28C200A50607 /* Images.xcassets in Resources */,
				27AF10A81F6E958F00E6301E /* Main.storyboard in Resources */,
				27090F2B1F7D26D300A50607 /* Meizi.storyboard in Resources */,
			);
			runOnlyForDeploymentPostprocessing = 0;
		};
/* End PBXResourcesBuildPhase section */

/* Begin PBXShellScriptBuildPhase section */
		15A805BBFABA87F4429D91F4 /* [CP] Embed Pods Frameworks */ = {
			isa = PBXShellScriptBuildPhase;
			buildActionMask = 2147483647;
			files = (
			);
			inputPaths = (
			);
			name = "[CP] Embed Pods Frameworks";
			outputPaths = (
			);
			runOnlyForDeploymentPostprocessing = 0;
			shellPath = /bin/sh;
			shellScript = "\"${SRCROOT}/Pods/Target Support Files/Pods-Soil/Pods-Soil-frameworks.sh\"\n";
			showEnvVarsInLog = 0;
		};
		2A8DE311E7E6B3B335FF534E /* [CP] Check Pods Manifest.lock */ = {
			isa = PBXShellScriptBuildPhase;
			buildActionMask = 2147483647;
			files = (
			);
			inputPaths = (
				"${PODS_PODFILE_DIR_PATH}/Podfile.lock",
				"${PODS_ROOT}/Manifest.lock",
			);
			name = "[CP] Check Pods Manifest.lock";
			outputPaths = (
				"$(DERIVED_FILE_DIR)/Pods-Soil-checkManifestLockResult.txt",
			);
			runOnlyForDeploymentPostprocessing = 0;
			shellPath = /bin/sh;
			shellScript = "diff \"${PODS_PODFILE_DIR_PATH}/Podfile.lock\" \"${PODS_ROOT}/Manifest.lock\" > /dev/null\nif [ $? != 0 ] ; then\n    # print error to STDERR\n    echo \"error: The sandbox is not in sync with the Podfile.lock. Run 'pod install' or update your CocoaPods installation.\" >&2\n    exit 1\nfi\n# This output is used by Xcode 'outputs' to avoid re-running this script phase.\necho \"SUCCESS\" > \"${SCRIPT_OUTPUT_FILE_0}\"\n";
			showEnvVarsInLog = 0;
		};
		A04B8D21D356102BBFDF440A /* [CP] Copy Pods Resources */ = {
			isa = PBXShellScriptBuildPhase;
			buildActionMask = 2147483647;
			files = (
			);
			inputPaths = (
				"${SRCROOT}/Pods/Target Support Files/Pods-Soil/Pods-Soil-resources.sh",
				"${PODS_ROOT}/MJRefresh/MJRefresh/MJRefresh.bundle",
				"${PODS_ROOT}/SVProgressHUD/SVProgressHUD/SVProgressHUD.bundle",
			);
			name = "[CP] Copy Pods Resources";
			outputPaths = (
				"${TARGET_BUILD_DIR}/${UNLOCALIZED_RESOURCES_FOLDER_PATH}",
			);
			runOnlyForDeploymentPostprocessing = 0;
			shellPath = /bin/sh;
			shellScript = "\"${SRCROOT}/Pods/Target Support Files/Pods-Soil/Pods-Soil-resources.sh\"\n";
			showEnvVarsInLog = 0;
		};
/* End PBXShellScriptBuildPhase section */

/* Begin PBXSourcesBuildPhase section */
		27AF10961F6E958F00E6301E /* Sources */ = {
			isa = PBXSourcesBuildPhase;
			buildActionMask = 2147483647;
			files = (
				27090F2D1F7D286F00A50607 /* MeiziRequest.m in Sources */,
				27090F2E1F7D286F00A50607 /* CacheSizeLabel+Manager.m in Sources */,
				27090F2F1F7D286F00A50607 /* CacheSizeLabel.m in Sources */,
				27090F301F7D286F00A50607 /* SYNavigationDropdownMenu.m in Sources */,
				27090F311F7D286F00A50607 /* MeiziViewController.m in Sources */,
				27090F321F7D286F00A50607 /* Meizi.m in Sources */,
				27090F331F7D286F00A50607 /* SYNetworkManager.m in Sources */,
				27090F341F7D286F00A50607 /* SYBaseRequest.m in Sources */,
				27090F351F7D286F00A50607 /* SYBatchRequest.m in Sources */,
				27090F361F7D286F00A50607 /* SYChainRequestManager.m in Sources */,
				27090F371F7D286F00A50607 /* SYBatchRequestManager.m in Sources */,
				27090F381F7D286F00A50607 /* SYNetworkUtil.m in Sources */,
				27090F601F7E34EE00A50607 /* AppDelegate+Config.m in Sources */,
				27090F391F7D286F00A50607 /* SYNetworkConfig.m in Sources */,
				27090F3A1F7D286F00A50607 /* SYChainRequest.m in Sources */,
				27090F3B1F7D286F00A50607 /* SYNetworkCacheManager.m in Sources */,
				27090F3C1F7D286F00A50607 /* MeiziCell.m in Sources */,
				27090F3D1F7D286F00A50607 /* SettingViewController.m in Sources */,
				27AF10A51F6E958F00E6301E /* ViewController.m in Sources */,
				27090F631F7E376F00A50607 /* UserDefaults.m in Sources */,
				27AF10EC1F70457900E6301E /* ResultModel.m in Sources */,
				27B937BE1F73F1D000794C38 /* Soil.xcdatamodeld in Sources */,
				277E96261F790367004D5E7B /* MobClick+Configration.m in Sources */,
				2704D0C11F7B8C100051BBA5 /* GADNativeExpressAdView+LoadAction.m in Sources */,
				2704D0BE1F7B81340051BBA5 /* ADTableTableViewCell.m in Sources */,
				27D4C0FC1F70B61A00069180 /* ResultsTableViewController.m in Sources */,
				277E96421F7908A7004D5E7B /* KeywordEntity+CoreDataProperties.m in Sources */,
				27BD7A8E1F72728700F346F5 /* HistoryCollectionViewCell.m in Sources */,
				27AF10A21F6E958F00E6301E /* AppDelegate.m in Sources */,
				27AF109F1F6E958F00E6301E /* main.m in Sources */,
				27D4C0FF1F70B67E00069180 /* ResultTableViewCell.m in Sources */,
				27090F411F7D3F1F00A50607 /* MYPhotoBrowser.m in Sources */,
				272866631F717E2000586AD3 /* MoreTableViewController.m in Sources */,
				2704D0DD1F7BAE920051BBA5 /* RootTabBarViewController.m in Sources */,
				277E96411F7908A7004D5E7B /* KeywordEntity+CoreDataClass.m in Sources */,
				27AF10DC1F6EC16F00E6301E /* WebViewController.m in Sources */,
				2704D0BB1F7B594E0051BBA5 /* GADBannerView+LoadAction.m in Sources */,
			);
			runOnlyForDeploymentPostprocessing = 0;
		};
/* End PBXSourcesBuildPhase section */

/* Begin PBXVariantGroup section */
		27AF10A61F6E958F00E6301E /* Main.storyboard */ = {
			isa = PBXVariantGroup;
			children = (
				27AF10A71F6E958F00E6301E /* Base */,
			);
			name = Main.storyboard;
			sourceTree = "<group>";
		};
		27AF10AB1F6E958F00E6301E /* LaunchScreen.storyboard */ = {
			isa = PBXVariantGroup;
			children = (
				27AF10AC1F6E958F00E6301E /* Base */,
			);
			name = LaunchScreen.storyboard;
			sourceTree = "<group>";
		};
/* End PBXVariantGroup section */

/* Begin XCBuildConfiguration section */
		27AF10AF1F6E958F00E6301E /* Debug */ = {
			isa = XCBuildConfiguration;
			buildSettings = {
				ALWAYS_SEARCH_USER_PATHS = NO;
				CLANG_ANALYZER_NONNULL = YES;
				CLANG_ANALYZER_NUMBER_OBJECT_CONVERSION = YES_AGGRESSIVE;
				CLANG_CXX_LANGUAGE_STANDARD = "gnu++0x";
				CLANG_CXX_LIBRARY = "libc++";
				CLANG_ENABLE_MODULES = YES;
				CLANG_ENABLE_OBJC_ARC = YES;
				CLANG_WARN_BLOCK_CAPTURE_AUTORELEASING = YES;
				CLANG_WARN_BOOL_CONVERSION = YES;
				CLANG_WARN_COMMA = YES;
				CLANG_WARN_CONSTANT_CONVERSION = YES;
				CLANG_WARN_DIRECT_OBJC_ISA_USAGE = YES_ERROR;
				CLANG_WARN_DOCUMENTATION_COMMENTS = YES;
				CLANG_WARN_EMPTY_BODY = YES;
				CLANG_WARN_ENUM_CONVERSION = YES;
				CLANG_WARN_INFINITE_RECURSION = YES;
				CLANG_WARN_INT_CONVERSION = YES;
				CLANG_WARN_NON_LITERAL_NULL_CONVERSION = YES;
				CLANG_WARN_OBJC_LITERAL_CONVERSION = YES;
				CLANG_WARN_OBJC_ROOT_CLASS = YES_ERROR;
				CLANG_WARN_RANGE_LOOP_ANALYSIS = YES;
				CLANG_WARN_STRICT_PROTOTYPES = YES;
				CLANG_WARN_SUSPICIOUS_MOVE = YES;
				CLANG_WARN_UNREACHABLE_CODE = YES;
				CLANG_WARN__DUPLICATE_METHOD_MATCH = YES;
				"CODE_SIGN_IDENTITY[sdk=iphoneos*]" = "iPhone Developer";
				COPY_PHASE_STRIP = NO;
				DEBUG_INFORMATION_FORMAT = dwarf;
				ENABLE_STRICT_OBJC_MSGSEND = YES;
				ENABLE_TESTABILITY = YES;
				GCC_C_LANGUAGE_STANDARD = gnu99;
				GCC_DYNAMIC_NO_PIC = NO;
				GCC_NO_COMMON_BLOCKS = YES;
				GCC_OPTIMIZATION_LEVEL = 0;
				GCC_PREPROCESSOR_DEFINITIONS = (
					"DEBUG=1",
					"$(inherited)",
				);
				GCC_WARN_64_TO_32_BIT_CONVERSION = YES;
				GCC_WARN_ABOUT_RETURN_TYPE = YES_ERROR;
				GCC_WARN_UNDECLARED_SELECTOR = YES;
				GCC_WARN_UNINITIALIZED_AUTOS = YES_AGGRESSIVE;
				GCC_WARN_UNUSED_FUNCTION = YES;
				GCC_WARN_UNUSED_VARIABLE = YES;
				IPHONEOS_DEPLOYMENT_TARGET = 10.3;
				MTL_ENABLE_DEBUG_INFO = YES;
				ONLY_ACTIVE_ARCH = YES;
				SDKROOT = iphoneos;
			};
			name = Debug;
		};
		27AF10B01F6E958F00E6301E /* Release */ = {
			isa = XCBuildConfiguration;
			buildSettings = {
				ALWAYS_SEARCH_USER_PATHS = NO;
				CLANG_ANALYZER_NONNULL = YES;
				CLANG_ANALYZER_NUMBER_OBJECT_CONVERSION = YES_AGGRESSIVE;
				CLANG_CXX_LANGUAGE_STANDARD = "gnu++0x";
				CLANG_CXX_LIBRARY = "libc++";
				CLANG_ENABLE_MODULES = YES;
				CLANG_ENABLE_OBJC_ARC = YES;
				CLANG_WARN_BLOCK_CAPTURE_AUTORELEASING = YES;
				CLANG_WARN_BOOL_CONVERSION = YES;
				CLANG_WARN_COMMA = YES;
				CLANG_WARN_CONSTANT_CONVERSION = YES;
				CLANG_WARN_DIRECT_OBJC_ISA_USAGE = YES_ERROR;
				CLANG_WARN_DOCUMENTATION_COMMENTS = YES;
				CLANG_WARN_EMPTY_BODY = YES;
				CLANG_WARN_ENUM_CONVERSION = YES;
				CLANG_WARN_INFINITE_RECURSION = YES;
				CLANG_WARN_INT_CONVERSION = YES;
				CLANG_WARN_NON_LITERAL_NULL_CONVERSION = YES;
				CLANG_WARN_OBJC_LITERAL_CONVERSION = YES;
				CLANG_WARN_OBJC_ROOT_CLASS = YES_ERROR;
				CLANG_WARN_RANGE_LOOP_ANALYSIS = YES;
				CLANG_WARN_STRICT_PROTOTYPES = YES;
				CLANG_WARN_SUSPICIOUS_MOVE = YES;
				CLANG_WARN_UNREACHABLE_CODE = YES;
				CLANG_WARN__DUPLICATE_METHOD_MATCH = YES;
				"CODE_SIGN_IDENTITY[sdk=iphoneos*]" = "iPhone Developer";
				COPY_PHASE_STRIP = NO;
				DEBUG_INFORMATION_FORMAT = "dwarf-with-dsym";
				ENABLE_NS_ASSERTIONS = NO;
				ENABLE_STRICT_OBJC_MSGSEND = YES;
				GCC_C_LANGUAGE_STANDARD = gnu99;
				GCC_NO_COMMON_BLOCKS = YES;
				GCC_WARN_64_TO_32_BIT_CONVERSION = YES;
				GCC_WARN_ABOUT_RETURN_TYPE = YES_ERROR;
				GCC_WARN_UNDECLARED_SELECTOR = YES;
				GCC_WARN_UNINITIALIZED_AUTOS = YES_AGGRESSIVE;
				GCC_WARN_UNUSED_FUNCTION = YES;
				GCC_WARN_UNUSED_VARIABLE = YES;
				IPHONEOS_DEPLOYMENT_TARGET = 10.3;
				MTL_ENABLE_DEBUG_INFO = NO;
				SDKROOT = iphoneos;
				VALIDATE_PRODUCT = YES;
			};
			name = Release;
		};
		27AF10B21F6E958F00E6301E /* Debug */ = {
			isa = XCBuildConfiguration;
			baseConfigurationReference = B7EBB1286B6EF5185B41F288 /* Pods-Soil.debug.xcconfig */;
			buildSettings = {
				ASSETCATALOG_COMPILER_APPICON_NAME = AppIcon;
				DEVELOPMENT_TEAM = R99GVVPKY2;
				GCC_PREFIX_HEADER = Soil/Meizi/PrefixHeader.pch;
				INFOPLIST_FILE = Soil/Info.plist;
				IPHONEOS_DEPLOYMENT_TARGET = 9.0;
				LD_RUNPATH_SEARCH_PATHS = "$(inherited) @executable_path/Frameworks";
				PRODUCT_BUNDLE_IDENTIFIER = com.appformike.6432262514;
				PRODUCT_NAME = "$(TARGET_NAME)";
				PROVISIONING_PROFILE = "0953a917-251c-442b-9e87-2c8301e5dd3e";
				PROVISIONING_PROFILE_SPECIFIER = "match Development com.appformike.6432262514";
				SDKROOT = iphoneos;
			};
			name = Debug;
		};
		27AF10B31F6E958F00E6301E /* Release */ = {
			isa = XCBuildConfiguration;
			baseConfigurationReference = F45B7887C18D1E3CF8723965 /* Pods-Soil.release.xcconfig */;
			buildSettings = {
				ASSETCATALOG_COMPILER_APPICON_NAME = AppIcon;
				"CODE_SIGN_IDENTITY[sdk=iphoneos*]" = "iPhone Distribution";
				DEVELOPMENT_TEAM = R99GVVPKY2;
				GCC_PREFIX_HEADER = Soil/Meizi/PrefixHeader.pch;
				INFOPLIST_FILE = Soil/Info.plist;
				IPHONEOS_DEPLOYMENT_TARGET = 9.0;
				LD_RUNPATH_SEARCH_PATHS = "$(inherited) @executable_path/Frameworks";
				PRODUCT_BUNDLE_IDENTIFIER = com.appformike.6432262514;
				PRODUCT_NAME = "$(TARGET_NAME)";
				PROVISIONING_PROFILE = "712eef39-a46c-4f6a-bced-f6f1270097bf";
				PROVISIONING_PROFILE_SPECIFIER = "match AppStore com.appformike.6432262514";
				SDKROOT = iphoneos;
			};
			name = Release;
		};
/* End XCBuildConfiguration section */

/* Begin XCConfigurationList section */
		27AF10951F6E958F00E6301E /* Build configuration list for PBXProject "Soil" */ = {
			isa = XCConfigurationList;
			buildConfigurations = (
				27AF10AF1F6E958F00E6301E /* Debug */,
				27AF10B01F6E958F00E6301E /* Release */,
			);
			defaultConfigurationIsVisible = 0;
			defaultConfigurationName = Release;
		};
		27AF10B11F6E958F00E6301E /* Build configuration list for PBXNativeTarget "Soil" */ = {
			isa = XCConfigurationList;
			buildConfigurations = (
				27AF10B21F6E958F00E6301E /* Debug */,
				27AF10B31F6E958F00E6301E /* Release */,
			);
			defaultConfigurationIsVisible = 0;
			defaultConfigurationName = Release;
		};
/* End XCConfigurationList section */

/* Begin XCVersionGroup section */
		27B937BC1F73F1D000794C38 /* Soil.xcdatamodeld */ = {
			isa = XCVersionGroup;
			children = (
				27B937BD1F73F1D000794C38 /* Soil.xcdatamodel */,
			);
			currentVersion = 27B937BD1F73F1D000794C38 /* Soil.xcdatamodel */;
			path = Soil.xcdatamodeld;
			sourceTree = "<group>";
			versionGroupType = wrapper.xcdatamodel;
		};
/* End XCVersionGroup section */
	};
	rootObject = 27AF10921F6E958F00E6301E /* Project object */;
}
